
Microsoft Visual Studio Solution File, Format Version 12.00
# Visual Studio Version 16
VisualStudioVersion = 16.0.34601.136
MinimumVisualStudioVersion = 10.0.40219.1
Project("{FAE04EC0-301F-11D3-BF4B-00C04F79EFBC}") = "ASPNETSirketOtomasyonu", "ASPNETSirketOtomasyonu.csproj", "{AAC072FF-8F06-4F4A-A657-9EABA25531B7}"
EndProject
Global
	GlobalSection(SolutionConfigurationPlatforms) = preSolution
		Debug|Any CPU = Debug|Any CPU
		Release|Any CPU = Release|Any CPU
	EndGlobalSection
	GlobalSection(ProjectConfigurationPlatforms) = postSolution
		{AAC072FF-8F06-4F4A-A657-9EABA25531B7}.Debug|Any CPU.ActiveCfg = Debug|Any CPU
		{AAC072FF-8F06-4F4A-A657-9EABA25531B7}.Debug|Any CPU.Build.0 = Debug|Any CPU
		{AAC072FF-8F06-4F4A-A657-9EABA25531B7}.Release|Any CPU.ActiveCfg = Release|Any CPU
		{AAC072FF-8F06-4F4A-A657-9EABA25531B7}.Release|Any CPU.Build.0 = Release|Any CPU
	EndGlobalSection
	GlobalSection(SolutionProperties) = preSolution
		HideSolutionNode = FALSE
	EndGlobalSection
	GlobalSection(ExtensibilityGlobals) = postSolution
		SolutionGuid = {89506698-BC9B-4B15-AB5D-A42D59F04838}
	EndGlobalSection
EndGlobal
